
Microsoft Visual Studio Solution File, Format Version 12.00
# Visual Studio 14
VisualStudioVersion = 14.0.23107.0
MinimumVisualStudioVersion = 10.0.40219.1
Project("{FAE04EC0-301F-11D3-BF4B-00C04F79EFBC}") = "Serq.JS.Notifier.Growl", "Serq.JS.Notifier.Growl\Serq.JS.Notifier.Growl.csproj", "{B8745C32-3155-4C62-B850-25A715CD7FEF}"
EndProject
Global
	GlobalSection(SolutionConfigurationPlatforms) = preSolution
		Debug|Any CPU = Debug|Any CPU
		Release|Any CPU = Release|Any CPU
	EndGlobalSection
	GlobalSection(ProjectConfigurationPlatforms) = postSolution
		{B8745C32-3155-4C62-B850-25A715CD7FEF}.Debug|Any CPU.ActiveCfg = Debug|Any CPU
		{B8745C32-3155-4C62-B850-25A715CD7FEF}.Debug|Any CPU.Build.0 = Debug|Any CPU
		{B8745C32-3155-4C62-B850-25A715CD7FEF}.Release|Any CPU.ActiveCfg = Release|Any CPU
		{B8745C32-3155-4C62-B850-25A715CD7FEF}.Release|Any CPU.Build.0 = Release|Any CPU
	EndGlobalSection
	GlobalSection(SolutionProperties) = preSolution
		HideSolutionNode = FALSE
	EndGlobalSection
EndGlobal
